// !$*UTF8*$!
{
	archiveVersion = 1;
	classes = {
	};
	objectVersion = 46;
	objects = {

/* Begin PBXBuildFile section */
		CE0EC84F15A1874A002BC57A /* Cocoa.framework in Frameworks */ = {isa = PBXBuildFile; fileRef = CE0EC84E15A1874A002BC57A /* Cocoa.framework */; };
		CE0EC97415A19493002BC57A /* AddNewFileDialog.cpp in Sources */ = {isa = PBXBuildFile; fileRef = CE0EC94515A19493002BC57A /* AddNewFileDialog.cpp */; };
		CE0EC97515A19493002BC57A /* App.cpp in Sources */ = {isa = PBXBuildFile; fileRef = CE0EC94715A19493002BC57A /* App.cpp */; };
		CE0EC97615A19493002BC57A /* Developer.cpp in Sources */ = {isa = PBXBuildFile; fileRef = CE0EC94915A19493002BC57A /* Developer.cpp */; };
		CE0EC97715A19493002BC57A /* FileExplorer.cpp in Sources */ = {isa = PBXBuildFile; fileRef = CE0EC94C15A19493002BC57A /* FileExplorer.cpp */; };
		CE0EC97815A19493002BC57A /* jsoncpp.cpp in Sources */ = {isa = PBXBuildFile; fileRef = CE0EC95215A19493002BC57A /* jsoncpp.cpp */; };
		CE0EC97915A19493002BC57A /* MenuBar.cpp in Sources */ = {isa = PBXBuildFile; fileRef = CE0EC95315A19493002BC57A /* MenuBar.cpp */; };
		CE0EC97A15A19493002BC57A /* NewDirectoryDialog.cpp in Sources */ = {isa = PBXBuildFile; fileRef = CE0EC95515A19493002BC57A /* NewDirectoryDialog.cpp */; };
		CE0EC97B15A19493002BC57A /* NewFileDialog.cpp in Sources */ = {isa = PBXBuildFile; fileRef = CE0EC95715A19493002BC57A /* NewFileDialog.cpp */; };
		CE0EC97C15A19493002BC57A /* NewProjectDialog.cpp in Sources */ = {isa = PBXBuildFile; fileRef = CE0EC95915A19493002BC57A /* NewProjectDialog.cpp */; };
		CE0EC97D15A19493002BC57A /* Output.cpp in Sources */ = {isa = PBXBuildFile; fileRef = CE0EC95B15A19493002BC57A /* Output.cpp */; };
		CE0EC97E15A19493002BC57A /* PaneToolBar.cpp in Sources */ = {isa = PBXBuildFile; fileRef = CE0EC95D15A19493002BC57A /* PaneToolBar.cpp */; };
		CE0EC97F15A19493002BC57A /* Preferences.cpp in Sources */ = {isa = PBXBuildFile; fileRef = CE0EC95F15A19493002BC57A /* Preferences.cpp */; };
		CE0EC98015A19493002BC57A /* PreferencesDialog.cpp in Sources */ = {isa = PBXBuildFile; fileRef = CE0EC96115A19493002BC57A /* PreferencesDialog.cpp */; };
		CE0EC98115A19493002BC57A /* ProjectProperties.cpp in Sources */ = {isa = PBXBuildFile; fileRef = CE0EC96315A19493002BC57A /* ProjectProperties.cpp */; };
		CE0EC98215A19493002BC57A /* ProjectPropertiesDialog.cpp in Sources */ = {isa = PBXBuildFile; fileRef = CE0EC96515A19493002BC57A /* ProjectPropertiesDialog.cpp */; };
		CE0EC98315A19493002BC57A /* ProjectToolBar.cpp in Sources */ = {isa = PBXBuildFile; fileRef = CE0EC96715A19493002BC57A /* ProjectToolBar.cpp */; };
		CE0EC98415A19493002BC57A /* SaveChangesDialog.cpp in Sources */ = {isa = PBXBuildFile; fileRef = CE0EC96915A19493002BC57A /* SaveChangesDialog.cpp */; };
		CE0EC98515A19493002BC57A /* StandardToolBar.cpp in Sources */ = {isa = PBXBuildFile; fileRef = CE0EC96B15A19493002BC57A /* StandardToolBar.cpp */; };
		CE0EC98615A19493002BC57A /* StatusBar.cpp in Sources */ = {isa = PBXBuildFile; fileRef = CE0EC96D15A19493002BC57A /* StatusBar.cpp */; };
		CE0EC98715A19493002BC57A /* TextEditor.cpp in Sources */ = {isa = PBXBuildFile; fileRef = CE0EC96F15A19493002BC57A /* TextEditor.cpp */; };
		CE0EC98815A19493002BC57A /* TextToolBar.cpp in Sources */ = {isa = PBXBuildFile; fileRef = CE0EC97115A19493002BC57A /* TextToolBar.cpp */; };
/* End PBXBuildFile section */

/* Begin PBXFileReference section */
		CE0EC84A15A1874A002BC57A /* gamegears.app */ = {isa = PBXFileReference; explicitFileType = wrapper.application; includeInIndex = 0; path = gamegears.app; sourceTree = BUILT_PRODUCTS_DIR; };
		CE0EC84E15A1874A002BC57A /* Cocoa.framework */ = {isa = PBXFileReference; lastKnownFileType = wrapper.framework; name = Cocoa.framework; path = System/Library/Frameworks/Cocoa.framework; sourceTree = SDKROOT; };
		CE0EC85115A1874A002BC57A /* AppKit.framework */ = {isa = PBXFileReference; lastKnownFileType = wrapper.framework; name = AppKit.framework; path = System/Library/Frameworks/AppKit.framework; sourceTree = SDKROOT; };
		CE0EC85215A1874A002BC57A /* CoreData.framework */ = {isa = PBXFileReference; lastKnownFileType = wrapper.framework; name = CoreData.framework; path = System/Library/Frameworks/CoreData.framework; sourceTree = SDKROOT; };
		CE0EC85315A1874A002BC57A /* Foundation.framework */ = {isa = PBXFileReference; lastKnownFileType = wrapper.framework; name = Foundation.framework; path = System/Library/Frameworks/Foundation.framework; sourceTree = SDKROOT; };
		CE0EC94515A19493002BC57A /* AddNewFileDialog.cpp */ = {isa = PBXFileReference; fileEncoding = 4; lastKnownFileType = sourcecode.cpp.cpp; path = AddNewFileDialog.cpp; sourceTree = "<group>"; };
		CE0EC94615A19493002BC57A /* AddNewFileDialog.hpp */ = {isa = PBXFileReference; fileEncoding = 4; lastKnownFileType = sourcecode.cpp.h; path = AddNewFileDialog.hpp; sourceTree = "<group>"; };
		CE0EC94715A19493002BC57A /* App.cpp */ = {isa = PBXFileReference; fileEncoding = 4; lastKnownFileType = sourcecode.cpp.cpp; path = App.cpp; sourceTree = "<group>"; };
		CE0EC94815A19493002BC57A /* commands.hpp */ = {isa = PBXFileReference; fileEncoding = 4; lastKnownFileType = sourcecode.cpp.h; path = commands.hpp; sourceTree = "<group>"; };
		CE0EC94915A19493002BC57A /* Developer.cpp */ = {isa = PBXFileReference; fileEncoding = 4; lastKnownFileType = sourcecode.cpp.cpp; path = Developer.cpp; sourceTree = "<group>"; };
		CE0EC94A15A19493002BC57A /* Developer.hpp */ = {isa = PBXFileReference; fileEncoding = 4; lastKnownFileType = sourcecode.cpp.h; path = Developer.hpp; sourceTree = "<group>"; };
		CE0EC94B15A19493002BC57A /* FileEditorDelegator.hpp */ = {isa = PBXFileReference; fileEncoding = 4; lastKnownFileType = sourcecode.cpp.h; path = FileEditorDelegator.hpp; sourceTree = "<group>"; };
		CE0EC94C15A19493002BC57A /* FileExplorer.cpp */ = {isa = PBXFileReference; fileEncoding = 4; lastKnownFileType = sourcecode.cpp.cpp; path = FileExplorer.cpp; sourceTree = "<group>"; };
		CE0EC94D15A19493002BC57A /* FileExplorer.hpp */ = {isa = PBXFileReference; fileEncoding = 4; lastKnownFileType = sourcecode.cpp.h; path = FileExplorer.hpp; sourceTree = "<group>"; };
		CE0EC94E15A19493002BC57A /* IFileEditorDelegator.hpp */ = {isa = PBXFileReference; fileEncoding = 4; lastKnownFileType = sourcecode.cpp.h; path = IFileEditorDelegator.hpp; sourceTree = "<group>"; };
		CE0EC95015A19493002BC57A /* json-forwards.h */ = {isa = PBXFileReference; fileEncoding = 4; lastKnownFileType = sourcecode.c.h; path = "json-forwards.h"; sourceTree = "<group>"; };
		CE0EC95115A19493002BC57A /* json.h */ = {isa = PBXFileReference; fileEncoding = 4; lastKnownFileType = sourcecode.c.h; path = json.h; sourceTree = "<group>"; };
		CE0EC95215A19493002BC57A /* jsoncpp.cpp */ = {isa = PBXFileReference; fileEncoding = 4; lastKnownFileType = sourcecode.cpp.cpp; path = jsoncpp.cpp; sourceTree = "<group>"; };
		CE0EC95315A19493002BC57A /* MenuBar.cpp */ = {isa = PBXFileReference; fileEncoding = 4; lastKnownFileType = sourcecode.cpp.cpp; path = MenuBar.cpp; sourceTree = "<group>"; };
		CE0EC95415A19493002BC57A /* MenuBar.hpp */ = {isa = PBXFileReference; fileEncoding = 4; lastKnownFileType = sourcecode.cpp.h; path = MenuBar.hpp; sourceTree = "<group>"; };
		CE0EC95515A19493002BC57A /* NewDirectoryDialog.cpp */ = {isa = PBXFileReference; fileEncoding = 4; lastKnownFileType = sourcecode.cpp.cpp; path = NewDirectoryDialog.cpp; sourceTree = "<group>"; };
		CE0EC95615A19493002BC57A /* NewDirectoryDialog.hpp */ = {isa = PBXFileReference; fileEncoding = 4; lastKnownFileType = sourcecode.cpp.h; path = NewDirectoryDialog.hpp; sourceTree = "<group>"; };
		CE0EC95715A19493002BC57A /* NewFileDialog.cpp */ = {isa = PBXFileReference; fileEncoding = 4; lastKnownFileType = sourcecode.cpp.cpp; path = NewFileDialog.cpp; sourceTree = "<group>"; };
		CE0EC95815A19493002BC57A /* NewFileDialog.hpp */ = {isa = PBXFileReference; fileEncoding = 4; lastKnownFileType = sourcecode.cpp.h; path = NewFileDialog.hpp; sourceTree = "<group>"; };
		CE0EC95915A19493002BC57A /* NewProjectDialog.cpp */ = {isa = PBXFileReference; fileEncoding = 4; lastKnownFileType = sourcecode.cpp.cpp; path = NewProjectDialog.cpp; sourceTree = "<group>"; };
		CE0EC95A15A19493002BC57A /* NewProjectDialog.hpp */ = {isa = PBXFileReference; fileEncoding = 4; lastKnownFileType = sourcecode.cpp.h; path = NewProjectDialog.hpp; sourceTree = "<group>"; };
		CE0EC95B15A19493002BC57A /* Output.cpp */ = {isa = PBXFileReference; fileEncoding = 4; lastKnownFileType = sourcecode.cpp.cpp; path = Output.cpp; sourceTree = "<group>"; };
		CE0EC95C15A19493002BC57A /* Output.hpp */ = {isa = PBXFileReference; fileEncoding = 4; lastKnownFileType = sourcecode.cpp.h; path = Output.hpp; sourceTree = "<group>"; };
		CE0EC95D15A19493002BC57A /* PaneToolBar.cpp */ = {isa = PBXFileReference; fileEncoding = 4; lastKnownFileType = sourcecode.cpp.cpp; path = PaneToolBar.cpp; sourceTree = "<group>"; };
		CE0EC95E15A19493002BC57A /* PaneToolBar.hpp */ = {isa = PBXFileReference; fileEncoding = 4; lastKnownFileType = sourcecode.cpp.h; path = PaneToolBar.hpp; sourceTree = "<group>"; };
		CE0EC95F15A19493002BC57A /* Preferences.cpp */ = {isa = PBXFileReference; fileEncoding = 4; lastKnownFileType = sourcecode.cpp.cpp; path = Preferences.cpp; sourceTree = "<group>"; };
		CE0EC96015A19493002BC57A /* Preferences.hpp */ = {isa = PBXFileReference; fileEncoding = 4; lastKnownFileType = sourcecode.cpp.h; path = Preferences.hpp; sourceTree = "<group>"; };
		CE0EC96115A19493002BC57A /* PreferencesDialog.cpp */ = {isa = PBXFileReference; fileEncoding = 4; lastKnownFileType = sourcecode.cpp.cpp; path = PreferencesDialog.cpp; sourceTree = "<group>"; };
		CE0EC96215A19493002BC57A /* PreferencesDialog.hpp */ = {isa = PBXFileReference; fileEncoding = 4; lastKnownFileType = sourcecode.cpp.h; path = PreferencesDialog.hpp; sourceTree = "<group>"; };
		CE0EC96315A19493002BC57A /* ProjectProperties.cpp */ = {isa = PBXFileReference; fileEncoding = 4; lastKnownFileType = sourcecode.cpp.cpp; path = ProjectProperties.cpp; sourceTree = "<group>"; };
		CE0EC96415A19493002BC57A /* ProjectProperties.hpp */ = {isa = PBXFileReference; fileEncoding = 4; lastKnownFileType = sourcecode.cpp.h; path = ProjectProperties.hpp; sourceTree = "<group>"; };
		CE0EC96515A19493002BC57A /* ProjectPropertiesDialog.cpp */ = {isa = PBXFileReference; fileEncoding = 4; lastKnownFileType = sourcecode.cpp.cpp; path = ProjectPropertiesDialog.cpp; sourceTree = "<group>"; };
		CE0EC96615A19493002BC57A /* ProjectPropertiesDialog.hpp */ = {isa = PBXFileReference; fileEncoding = 4; lastKnownFileType = sourcecode.cpp.h; path = ProjectPropertiesDialog.hpp; sourceTree = "<group>"; };
		CE0EC96715A19493002BC57A /* ProjectToolBar.cpp */ = {isa = PBXFileReference; fileEncoding = 4; lastKnownFileType = sourcecode.cpp.cpp; path = ProjectToolBar.cpp; sourceTree = "<group>"; };
		CE0EC96815A19493002BC57A /* ProjectToolBar.hpp */ = {isa = PBXFileReference; fileEncoding = 4; lastKnownFileType = sourcecode.cpp.h; path = ProjectToolBar.hpp; sourceTree = "<group>"; };
		CE0EC96915A19493002BC57A /* SaveChangesDialog.cpp */ = {isa = PBXFileReference; fileEncoding = 4; lastKnownFileType = sourcecode.cpp.cpp; path = SaveChangesDialog.cpp; sourceTree = "<group>"; };
		CE0EC96A15A19493002BC57A /* SaveChangesDialog.hpp */ = {isa = PBXFileReference; fileEncoding = 4; lastKnownFileType = sourcecode.cpp.h; path = SaveChangesDialog.hpp; sourceTree = "<group>"; };
		CE0EC96B15A19493002BC57A /* StandardToolBar.cpp */ = {isa = PBXFileReference; fileEncoding = 4; lastKnownFileType = sourcecode.cpp.cpp; path = StandardToolBar.cpp; sourceTree = "<group>"; };
		CE0EC96C15A19493002BC57A /* StandardToolBar.hpp */ = {isa = PBXFileReference; fileEncoding = 4; lastKnownFileType = sourcecode.cpp.h; path = StandardToolBar.hpp; sourceTree = "<group>"; };
		CE0EC96D15A19493002BC57A /* StatusBar.cpp */ = {isa = PBXFileReference; fileEncoding = 4; lastKnownFileType = sourcecode.cpp.cpp; path = StatusBar.cpp; sourceTree = "<group>"; };
		CE0EC96E15A19493002BC57A /* StatusBar.hpp */ = {isa = PBXFileReference; fileEncoding = 4; lastKnownFileType = sourcecode.cpp.h; path = StatusBar.hpp; sourceTree = "<group>"; };
		CE0EC96F15A19493002BC57A /* TextEditor.cpp */ = {isa = PBXFileReference; fileEncoding = 4; lastKnownFileType = sourcecode.cpp.cpp; path = TextEditor.cpp; sourceTree = "<group>"; };
		CE0EC97015A19493002BC57A /* TextEditor.hpp */ = {isa = PBXFileReference; fileEncoding = 4; lastKnownFileType = sourcecode.cpp.h; path = TextEditor.hpp; sourceTree = "<group>"; };
		CE0EC97115A19493002BC57A /* TextToolBar.cpp */ = {isa = PBXFileReference; fileEncoding = 4; lastKnownFileType = sourcecode.cpp.cpp; path = TextToolBar.cpp; sourceTree = "<group>"; };
		CE0EC97215A19493002BC57A /* TextToolBar.hpp */ = {isa = PBXFileReference; fileEncoding = 4; lastKnownFileType = sourcecode.cpp.h; path = TextToolBar.hpp; sourceTree = "<group>"; };
		CE0EC97315A19493002BC57A /* version.hpp */ = {isa = PBXFileReference; fileEncoding = 4; lastKnownFileType = sourcecode.cpp.h; path = version.hpp; sourceTree = "<group>"; };
/* End PBXFileReference section */

/* Begin PBXFrameworksBuildPhase section */
		CE0EC84715A1874A002BC57A /* Frameworks */ = {
			isa = PBXFrameworksBuildPhase;
			buildActionMask = 2147483647;
			files = (
				CE0EC84F15A1874A002BC57A /* Cocoa.framework in Frameworks */,
			);
			runOnlyForDeploymentPostprocessing = 0;
		};
/* End PBXFrameworksBuildPhase section */

/* Begin PBXGroup section */
		CE0EC83F15A18747002BC57A = {
			isa = PBXGroup;
			children = (
				CE0EC85415A1874A002BC57A /* gamegears */,
				CE0EC84D15A1874A002BC57A /* Frameworks */,
				CE0EC84B15A1874A002BC57A /* Products */,
			);
			sourceTree = "<group>";
		};
		CE0EC84B15A1874A002BC57A /* Products */ = {
			isa = PBXGroup;
			children = (
				CE0EC84A15A1874A002BC57A /* gamegears.app */,
			);
			name = Products;
			sourceTree = "<group>";
		};
		CE0EC84D15A1874A002BC57A /* Frameworks */ = {
			isa = PBXGroup;
			children = (
				CE0EC84E15A1874A002BC57A /* Cocoa.framework */,
				CE0EC85015A1874A002BC57A /* Other Frameworks */,
			);
			name = Frameworks;
			sourceTree = "<group>";
		};
		CE0EC85015A1874A002BC57A /* Other Frameworks */ = {
			isa = PBXGroup;
			children = (
				CE0EC85115A1874A002BC57A /* AppKit.framework */,
				CE0EC85215A1874A002BC57A /* CoreData.framework */,
				CE0EC85315A1874A002BC57A /* Foundation.framework */,
			);
			name = "Other Frameworks";
			sourceTree = "<group>";
		};
		CE0EC85415A1874A002BC57A /* gamegears */ = {
			isa = PBXGroup;
			children = (
				CE0EC94415A19493002BC57A /* developer */,
			);
			path = gamegears;
			sourceTree = "<group>";
		};
		CE0EC94415A19493002BC57A /* developer */ = {
			isa = PBXGroup;
			children = (
				CE0EC94515A19493002BC57A /* AddNewFileDialog.cpp */,
				CE0EC94615A19493002BC57A /* AddNewFileDialog.hpp */,
				CE0EC94715A19493002BC57A /* App.cpp */,
				CE0EC94815A19493002BC57A /* commands.hpp */,
				CE0EC94915A19493002BC57A /* Developer.cpp */,
				CE0EC94A15A19493002BC57A /* Developer.hpp */,
				CE0EC94B15A19493002BC57A /* FileEditorDelegator.hpp */,
				CE0EC94C15A19493002BC57A /* FileExplorer.cpp */,
				CE0EC94D15A19493002BC57A /* FileExplorer.hpp */,
				CE0EC94E15A19493002BC57A /* IFileEditorDelegator.hpp */,
				CE0EC94F15A19493002BC57A /* json */,
				CE0EC95215A19493002BC57A /* jsoncpp.cpp */,
				CE0EC95315A19493002BC57A /* MenuBar.cpp */,
				CE0EC95415A19493002BC57A /* MenuBar.hpp */,
				CE0EC95515A19493002BC57A /* NewDirectoryDialog.cpp */,
				CE0EC95615A19493002BC57A /* NewDirectoryDialog.hpp */,
				CE0EC95715A19493002BC57A /* NewFileDialog.cpp */,
				CE0EC95815A19493002BC57A /* NewFileDialog.hpp */,
				CE0EC95915A19493002BC57A /* NewProjectDialog.cpp */,
				CE0EC95A15A19493002BC57A /* NewProjectDialog.hpp */,
				CE0EC95B15A19493002BC57A /* Output.cpp */,
				CE0EC95C15A19493002BC57A /* Output.hpp */,
				CE0EC95D15A19493002BC57A /* PaneToolBar.cpp */,
				CE0EC95E15A19493002BC57A /* PaneToolBar.hpp */,
				CE0EC95F15A19493002BC57A /* Preferences.cpp */,
				CE0EC96015A19493002BC57A /* Preferences.hpp */,
				CE0EC96115A19493002BC57A /* PreferencesDialog.cpp */,
				CE0EC96215A19493002BC57A /* PreferencesDialog.hpp */,
				CE0EC96315A19493002BC57A /* ProjectProperties.cpp */,
				CE0EC96415A19493002BC57A /* ProjectProperties.hpp */,
				CE0EC96515A19493002BC57A /* ProjectPropertiesDialog.cpp */,
				CE0EC96615A19493002BC57A /* ProjectPropertiesDialog.hpp */,
				CE0EC96715A19493002BC57A /* ProjectToolBar.cpp */,
				CE0EC96815A19493002BC57A /* ProjectToolBar.hpp */,
				CE0EC96915A19493002BC57A /* SaveChangesDialog.cpp */,
				CE0EC96A15A19493002BC57A /* SaveChangesDialog.hpp */,
				CE0EC96B15A19493002BC57A /* StandardToolBar.cpp */,
				CE0EC96C15A19493002BC57A /* StandardToolBar.hpp */,
				CE0EC96D15A19493002BC57A /* StatusBar.cpp */,
				CE0EC96E15A19493002BC57A /* StatusBar.hpp */,
				CE0EC96F15A19493002BC57A /* TextEditor.cpp */,
				CE0EC97015A19493002BC57A /* TextEditor.hpp */,
				CE0EC97115A19493002BC57A /* TextToolBar.cpp */,
				CE0EC97215A19493002BC57A /* TextToolBar.hpp */,
				CE0EC97315A19493002BC57A /* version.hpp */,
			);
			name = developer;
			path = ../../../source/developer;
			sourceTree = "<group>";
		};
		CE0EC94F15A19493002BC57A /* json */ = {
			isa = PBXGroup;
			children = (
				CE0EC95015A19493002BC57A /* json-forwards.h */,
				CE0EC95115A19493002BC57A /* json.h */,
			);
			path = json;
			sourceTree = "<group>";
		};
/* End PBXGroup section */

/* Begin PBXNativeTarget section */
		CE0EC84915A1874A002BC57A /* gamegears */ = {
			isa = PBXNativeTarget;
			buildConfigurationList = CE0EC86815A1874B002BC57A /* Build configuration list for PBXNativeTarget "gamegears" */;
			buildPhases = (
				CE0EC84615A1874A002BC57A /* Sources */,
				CE0EC84715A1874A002BC57A /* Frameworks */,
				CE0EC84815A1874A002BC57A /* Resources */,
			);
			buildRules = (
			);
			dependencies = (
			);
			name = gamegears;
			productName = gamegears;
			productReference = CE0EC84A15A1874A002BC57A /* gamegears.app */;
			productType = "com.apple.product-type.application";
		};
/* End PBXNativeTarget section */

/* Begin PBXProject section */
		CE0EC84115A18747002BC57A /* Project object */ = {
			isa = PBXProject;
			attributes = {
				LastUpgradeCheck = 0430;
			};
			buildConfigurationList = CE0EC84415A18747002BC57A /* Build configuration list for PBXProject "gamegears" */;
			compatibilityVersion = "Xcode 3.2";
			developmentRegion = English;
			hasScannedForEncodings = 0;
			knownRegions = (
				en,
			);
			mainGroup = CE0EC83F15A18747002BC57A;
			productRefGroup = CE0EC84B15A1874A002BC57A /* Products */;
			projectDirPath = "";
			projectRoot = "";
			targets = (
				CE0EC84915A1874A002BC57A /* gamegears */,
			);
		};
/* End PBXProject section */

/* Begin PBXResourcesBuildPhase section */
		CE0EC84815A1874A002BC57A /* Resources */ = {
			isa = PBXResourcesBuildPhase;
			buildActionMask = 2147483647;
			files = (
			);
			runOnlyForDeploymentPostprocessing = 0;
		};
/* End PBXResourcesBuildPhase section */

/* Begin PBXSourcesBuildPhase section */
		CE0EC84615A1874A002BC57A /* Sources */ = {
			isa = PBXSourcesBuildPhase;
			buildActionMask = 2147483647;
			files = (
				CE0EC97415A19493002BC57A /* AddNewFileDialog.cpp in Sources */,
				CE0EC97515A19493002BC57A /* App.cpp in Sources */,
				CE0EC97615A19493002BC57A /* Developer.cpp in Sources */,
				CE0EC97715A19493002BC57A /* FileExplorer.cpp in Sources */,
				CE0EC97815A19493002BC57A /* jsoncpp.cpp in Sources */,
				CE0EC97915A19493002BC57A /* MenuBar.cpp in Sources */,
				CE0EC97A15A19493002BC57A /* NewDirectoryDialog.cpp in Sources */,
				CE0EC97B15A19493002BC57A /* NewFileDialog.cpp in Sources */,
				CE0EC97C15A19493002BC57A /* NewProjectDialog.cpp in Sources */,
				CE0EC97D15A19493002BC57A /* Output.cpp in Sources */,
				CE0EC97E15A19493002BC57A /* PaneToolBar.cpp in Sources */,
				CE0EC97F15A19493002BC57A /* Preferences.cpp in Sources */,
				CE0EC98015A19493002BC57A /* PreferencesDialog.cpp in Sources */,
				CE0EC98115A19493002BC57A /* ProjectProperties.cpp in Sources */,
				CE0EC98215A19493002BC57A /* ProjectPropertiesDialog.cpp in Sources */,
				CE0EC98315A19493002BC57A /* ProjectToolBar.cpp in Sources */,
				CE0EC98415A19493002BC57A /* SaveChangesDialog.cpp in Sources */,
				CE0EC98515A19493002BC57A /* StandardToolBar.cpp in Sources */,
				CE0EC98615A19493002BC57A /* StatusBar.cpp in Sources */,
				CE0EC98715A19493002BC57A /* TextEditor.cpp in Sources */,
				CE0EC98815A19493002BC57A /* TextToolBar.cpp in Sources */,
			);
			runOnlyForDeploymentPostprocessing = 0;
		};
/* End PBXSourcesBuildPhase section */

/* Begin XCBuildConfiguration section */
		CE0EC86615A1874B002BC57A /* Debug */ = {
			isa = XCBuildConfiguration;
			buildSettings = {
				ALWAYS_SEARCH_USER_PATHS = NO;
				ARCHS = "$(ARCHS_STANDARD_64_BIT)";
				COPY_PHASE_STRIP = NO;
				GCC_C_LANGUAGE_STANDARD = gnu99;
				GCC_DYNAMIC_NO_PIC = NO;
				GCC_ENABLE_OBJC_EXCEPTIONS = YES;
				GCC_OPTIMIZATION_LEVEL = 0;
				GCC_PREPROCESSOR_DEFINITIONS = (
					"DEBUG=1",
					"$(inherited)",
				);
				GCC_SYMBOLS_PRIVATE_EXTERN = NO;
				GCC_VERSION = com.apple.compilers.llvm.clang.1_0;
				GCC_WARN_64_TO_32_BIT_CONVERSION = YES;
				GCC_WARN_ABOUT_MISSING_PROTOTYPES = YES;
				GCC_WARN_ABOUT_RETURN_TYPE = YES;
				GCC_WARN_UNUSED_VARIABLE = YES;
				MACOSX_DEPLOYMENT_TARGET = 10.7;
				ONLY_ACTIVE_ARCH = YES;
				SDKROOT = macosx;
			};
			name = Debug;
		};
		CE0EC86715A1874B002BC57A /* Release */ = {
			isa = XCBuildConfiguration;
			buildSettings = {
				ALWAYS_SEARCH_USER_PATHS = NO;
				ARCHS = "$(ARCHS_STANDARD_64_BIT)";
				COPY_PHASE_STRIP = YES;
				DEBUG_INFORMATION_FORMAT = "dwarf-with-dsym";
				GCC_C_LANGUAGE_STANDARD = gnu99;
				GCC_ENABLE_OBJC_EXCEPTIONS = YES;
				GCC_VERSION = com.apple.compilers.llvm.clang.1_0;
				GCC_WARN_64_TO_32_BIT_CONVERSION = YES;
				GCC_WARN_ABOUT_MISSING_PROTOTYPES = YES;
				GCC_WARN_ABOUT_RETURN_TYPE = YES;
				GCC_WARN_UNUSED_VARIABLE = YES;
				MACOSX_DEPLOYMENT_TARGET = 10.7;
				SDKROOT = macosx;
			};
			name = Release;
		};
		CE0EC86915A1874B002BC57A /* Debug */ = {
			isa = XCBuildConfiguration;
			buildSettings = {
				GCC_PRECOMPILE_PREFIX_HEADER = YES;
				GCC_PREFIX_HEADER = "gamegears/gamegears-Prefix.pch";
				INFOPLIST_FILE = "gamegears/gamegears-Info.plist";
				INFOPLIST_PREPROCESSOR_DEFINITIONS = (
					"-L/Users/User/desktop/wxwidgets/build-release/lib",
					"-framework",
					IOKit,
					"-framework",
					Carbon,
					"-framework",
					Cocoa,
					"-framework",
					AudioToolbox,
					"-framework",
					System,
					"-framework",
					OpenGL,
					"/Users/User/desktop/wxwidgets/build-release/lib/libwx_osx_cocoau_xrc-2.9.a",
					"/Users/User/desktop/wxwidgets/build-release/lib/libwx_osx_cocoau_webview-2.9.a",
					"/Users/User/desktop/wxwidgets/build-release/lib/libwx_osx_cocoau_stc-2.9.a",
					"/Users/User/desktop/wxwidgets/build-release/lib/libwx_osx_cocoau_richtext-2.9.a",
					"/Users/User/desktop/wxwidgets/build-release/lib/libwx_osx_cocoau_ribbon-2.9.a",
					"/Users/User/desktop/wxwidgets/build-release/lib/libwx_osx_cocoau_propgrid-2.9.a",
					"/Users/User/desktop/wxwidgets/build-release/lib/libwx_osx_cocoau_aui-2.9.a",
					"/Users/User/desktop/wxwidgets/build-release/lib/libwx_osx_cocoau_gl-2.9.a",
					"/Users/User/desktop/wxwidgets/build-release/lib/libwx_osx_cocoau_qa-2.9.a",
					"/Users/User/desktop/wxwidgets/build-release/lib/libwx_baseu_net-2.9.a",
					"/Users/User/desktop/wxwidgets/build-release/lib/libwx_osx_cocoau_html-2.9.a",
					"/Users/User/desktop/wxwidgets/build-release/lib/libwx_osx_cocoau_adv-2.9.a",
					"/Users/User/desktop/wxwidgets/build-release/lib/libwx_osx_cocoau_core-2.9.a",
					"/Users/User/desktop/wxwidgets/build-release/lib/libwx_baseu_xml-2.9.a",
					"/Users/User/desktop/wxwidgets/build-release/lib/libwx_baseu-2.9.a",
					"-lwxscintilla-2.9",
					"-framework",
					OpenGL,
					"-framework",
					AGL,
					"-framework",
					WebKit,
					"-lexpat",
					"-lwxregexu-2.9",
					"-lwxtiff-2.9",
					"-lwxjpeg-2.9",
					"-lwxpng-2.9",
					"-lz",
					"-lpthread",
					"-liconv",
				);
				OTHER_CPLUSPLUSFLAGS = (
					"$(OTHER_CFLAGS)",
					"-I/Users/User/desktop/wxwidgets/build-release/lib/wx/include/osx_cocoa-unicode-static-2.9",
					"-I/Users/User/desktop/wxwidgets/include",
					"-D_FILE_OFFSET_BITS=64",
					"-DwxDEBUG_LEVEL=0",
					"-D__WXMAC__",
					"-D__WXOSX__",
					"-D__WXOSX_COCOA__",
				);
				OTHER_LDFLAGS = (
					"-L/Users/User/desktop/wxwidgets/build-release/lib",
					"-framework",
					IOKit,
					"-framework",
					Carbon,
					"-framework",
					Cocoa,
					"-framework",
					AudioToolbox,
					"-framework",
					System,
					"-framework",
					OpenGL,
					"/Users/User/desktop/wxwidgets/build-release/lib/libwx_osx_cocoau_xrc-2.9.a",
					"/Users/User/desktop/wxwidgets/build-release/lib/libwx_osx_cocoau_webview-2.9.a",
					"/Users/User/desktop/wxwidgets/build-release/lib/libwx_osx_cocoau_stc-2.9.a",
					"/Users/User/desktop/wxwidgets/build-release/lib/libwx_osx_cocoau_richtext-2.9.a",
					"/Users/User/desktop/wxwidgets/build-release/lib/libwx_osx_cocoau_ribbon-2.9.a",
					"/Users/User/desktop/wxwidgets/build-release/lib/libwx_osx_cocoau_propgrid-2.9.a",
					"/Users/User/desktop/wxwidgets/build-release/lib/libwx_osx_cocoau_aui-2.9.a",
					"/Users/User/desktop/wxwidgets/build-release/lib/libwx_osx_cocoau_gl-2.9.a",
					"/Users/User/desktop/wxwidgets/build-release/lib/libwx_osx_cocoau_qa-2.9.a",
					"/Users/User/desktop/wxwidgets/build-release/lib/libwx_baseu_net-2.9.a",
					"/Users/User/desktop/wxwidgets/build-release/lib/libwx_osx_cocoau_html-2.9.a",
					"/Users/User/desktop/wxwidgets/build-release/lib/libwx_osx_cocoau_adv-2.9.a",
					"/Users/User/desktop/wxwidgets/build-release/lib/libwx_osx_cocoau_core-2.9.a",
					"/Users/User/desktop/wxwidgets/build-release/lib/libwx_baseu_xml-2.9.a",
					"/Users/User/desktop/wxwidgets/build-release/lib/libwx_baseu-2.9.a",
					"-lwxscintilla-2.9",
					"-framework",
					OpenGL,
					"-framework",
					AGL,
					"-framework",
					WebKit,
					"-lexpat",
					"-lwxregexu-2.9",
					"-lwxtiff-2.9",
					"-lwxjpeg-2.9",
					"-lwxpng-2.9",
					"-lz",
					"-lpthread",
					"-liconv",
				);
				PRODUCT_NAME = "$(TARGET_NAME)";
				WARNING_LDFLAGS = (
					"-L/Users/User/desktop/wxwidgets/build-release/lib",
					"-framework",
					IOKit,
					"-framework",
					Carbon,
					"-framework",
					Cocoa,
					"-framework",
					AudioToolbox,
					"-framework",
					System,
					"-framework",
					OpenGL,
					"/Users/User/desktop/wxwidgets/build-release/lib/libwx_osx_cocoau_xrc-2.9.a",
					"/Users/User/desktop/wxwidgets/build-release/lib/libwx_osx_cocoau_webview-2.9.a",
					"/Users/User/desktop/wxwidgets/build-release/lib/libwx_osx_cocoau_stc-2.9.a",
					"/Users/User/desktop/wxwidgets/build-release/lib/libwx_osx_cocoau_richtext-2.9.a",
					"/Users/User/desktop/wxwidgets/build-release/lib/libwx_osx_cocoau_ribbon-2.9.a",
					"/Users/User/desktop/wxwidgets/build-release/lib/libwx_osx_cocoau_propgrid-2.9.a",
					"/Users/User/desktop/wxwidgets/build-release/lib/libwx_osx_cocoau_aui-2.9.a",
					"/Users/User/desktop/wxwidgets/build-release/lib/libwx_osx_cocoau_gl-2.9.a",
					"/Users/User/desktop/wxwidgets/build-release/lib/libwx_osx_cocoau_qa-2.9.a",
					"/Users/User/desktop/wxwidgets/build-release/lib/libwx_baseu_net-2.9.a",
					"/Users/User/desktop/wxwidgets/build-release/lib/libwx_osx_cocoau_html-2.9.a",
					"/Users/User/desktop/wxwidgets/build-release/lib/libwx_osx_cocoau_adv-2.9.a",
					"/Users/User/desktop/wxwidgets/build-release/lib/libwx_osx_cocoau_core-2.9.a",
					"/Users/User/desktop/wxwidgets/build-release/lib/libwx_baseu_xml-2.9.a",
					"/Users/User/desktop/wxwidgets/build-release/lib/libwx_baseu-2.9.a",
					"-lwxscintilla-2.9",
					"-framework",
					OpenGL,
					"-framework",
					AGL,
					"-framework",
					WebKit,
					"-lexpat",
					"-lwxregexu-2.9",
					"-lwxtiff-2.9",
					"-lwxjpeg-2.9",
					"-lwxpng-2.9",
					"-lz",
					"-lpthread",
					"-liconv",
				);
				WRAPPER_EXTENSION = app;
			};
			name = Debug;
		};
		CE0EC86A15A1874B002BC57A /* Release */ = {
			isa = XCBuildConfiguration;
			buildSettings = {
				GCC_PRECOMPILE_PREFIX_HEADER = YES;
				GCC_PREFIX_HEADER = "gamegears/gamegears-Prefix.pch";
				INFOPLIST_FILE = "gamegears/gamegears-Info.plist";
				INFOPLIST_PREPROCESSOR_DEFINITIONS = (
					"-L/Users/User/desktop/wxwidgets/build-release/lib",
					"-framework",
					IOKit,
					"-framework",
					Carbon,
					"-framework",
					Cocoa,
					"-framework",
					AudioToolbox,
					"-framework",
					System,
					"-framework",
					OpenGL,
					"/Users/User/desktop/wxwidgets/build-release/lib/libwx_osx_cocoau_xrc-2.9.a",
					"/Users/User/desktop/wxwidgets/build-release/lib/libwx_osx_cocoau_webview-2.9.a",
					"/Users/User/desktop/wxwidgets/build-release/lib/libwx_osx_cocoau_stc-2.9.a",
					"/Users/User/desktop/wxwidgets/build-release/lib/libwx_osx_cocoau_richtext-2.9.a",
					"/Users/User/desktop/wxwidgets/build-release/lib/libwx_osx_cocoau_ribbon-2.9.a",
					"/Users/User/desktop/wxwidgets/build-release/lib/libwx_osx_cocoau_propgrid-2.9.a",
					"/Users/User/desktop/wxwidgets/build-release/lib/libwx_osx_cocoau_aui-2.9.a",
					"/Users/User/desktop/wxwidgets/build-release/lib/libwx_osx_cocoau_gl-2.9.a",
					"/Users/User/desktop/wxwidgets/build-release/lib/libwx_osx_cocoau_qa-2.9.a",
					"/Users/User/desktop/wxwidgets/build-release/lib/libwx_baseu_net-2.9.a",
					"/Users/User/desktop/wxwidgets/build-release/lib/libwx_osx_cocoau_html-2.9.a",
					"/Users/User/desktop/wxwidgets/build-release/lib/libwx_osx_cocoau_adv-2.9.a",
					"/Users/User/desktop/wxwidgets/build-release/lib/libwx_osx_cocoau_core-2.9.a",
					"/Users/User/desktop/wxwidgets/build-release/lib/libwx_baseu_xml-2.9.a",
					"/Users/User/desktop/wxwidgets/build-release/lib/libwx_baseu-2.9.a",
					"-lwxscintilla-2.9",
					"-framework",
					OpenGL,
					"-framework",
					AGL,
					"-framework",
					WebKit,
					"-lexpat",
					"-lwxregexu-2.9",
					"-lwxtiff-2.9",
					"-lwxjpeg-2.9",
					"-lwxpng-2.9",
					"-lz",
					"-lpthread",
					"-liconv",
				);
				OTHER_CPLUSPLUSFLAGS = (
					"$(OTHER_CFLAGS)",
					"-I/Users/User/desktop/wxwidgets/build-release/lib/wx/include/osx_cocoa-unicode-static-2.9",
					"-I/Users/User/desktop/wxwidgets/include",
					"-D_FILE_OFFSET_BITS=64",
					"-DwxDEBUG_LEVEL=0",
					"-D__WXMAC__",
					"-D__WXOSX__",
					"-D__WXOSX_COCOA__",
				);
				OTHER_LDFLAGS = (
					"-L/Users/User/desktop/wxwidgets/build-release/lib",
					"-framework",
					IOKit,
					"-framework",
					Carbon,
					"-framework",
					Cocoa,
					"-framework",
					AudioToolbox,
					"-framework",
					System,
					"-framework",
					OpenGL,
					"/Users/User/desktop/wxwidgets/build-release/lib/libwx_osx_cocoau_xrc-2.9.a",
					"/Users/User/desktop/wxwidgets/build-release/lib/libwx_osx_cocoau_webview-2.9.a",
					"/Users/User/desktop/wxwidgets/build-release/lib/libwx_osx_cocoau_stc-2.9.a",
					"/Users/User/desktop/wxwidgets/build-release/lib/libwx_osx_cocoau_richtext-2.9.a",
					"/Users/User/desktop/wxwidgets/build-release/lib/libwx_osx_cocoau_ribbon-2.9.a",
					"/Users/User/desktop/wxwidgets/build-release/lib/libwx_osx_cocoau_propgrid-2.9.a",
					"/Users/User/desktop/wxwidgets/build-release/lib/libwx_osx_cocoau_aui-2.9.a",
					"/Users/User/desktop/wxwidgets/build-release/lib/libwx_osx_cocoau_gl-2.9.a",
					"/Users/User/desktop/wxwidgets/build-release/lib/libwx_osx_cocoau_qa-2.9.a",
					"/Users/User/desktop/wxwidgets/build-release/lib/libwx_baseu_net-2.9.a",
					"/Users/User/desktop/wxwidgets/build-release/lib/libwx_osx_cocoau_html-2.9.a",
					"/Users/User/desktop/wxwidgets/build-release/lib/libwx_osx_cocoau_adv-2.9.a",
					"/Users/User/desktop/wxwidgets/build-release/lib/libwx_osx_cocoau_core-2.9.a",
					"/Users/User/desktop/wxwidgets/build-release/lib/libwx_baseu_xml-2.9.a",
					"/Users/User/desktop/wxwidgets/build-release/lib/libwx_baseu-2.9.a",
					"-lwxscintilla-2.9",
					"-framework",
					OpenGL,
					"-framework",
					AGL,
					"-framework",
					WebKit,
					"-lexpat",
					"-lwxregexu-2.9",
					"-lwxtiff-2.9",
					"-lwxjpeg-2.9",
					"-lwxpng-2.9",
					"-lz",
					"-lpthread",
					"-liconv",
				);
				PRODUCT_NAME = "$(TARGET_NAME)";
				WARNING_LDFLAGS = (
					"-L/Users/User/desktop/wxwidgets/build-release/lib",
					"-framework",
					IOKit,
					"-framework",
					Carbon,
					"-framework",
					Cocoa,
					"-framework",
					AudioToolbox,
					"-framework",
					System,
					"-framework",
					OpenGL,
					"/Users/User/desktop/wxwidgets/build-release/lib/libwx_osx_cocoau_xrc-2.9.a",
					"/Users/User/desktop/wxwidgets/build-release/lib/libwx_osx_cocoau_webview-2.9.a",
					"/Users/User/desktop/wxwidgets/build-release/lib/libwx_osx_cocoau_stc-2.9.a",
					"/Users/User/desktop/wxwidgets/build-release/lib/libwx_osx_cocoau_richtext-2.9.a",
					"/Users/User/desktop/wxwidgets/build-release/lib/libwx_osx_cocoau_ribbon-2.9.a",
					"/Users/User/desktop/wxwidgets/build-release/lib/libwx_osx_cocoau_propgrid-2.9.a",
					"/Users/User/desktop/wxwidgets/build-release/lib/libwx_osx_cocoau_aui-2.9.a",
					"/Users/User/desktop/wxwidgets/build-release/lib/libwx_osx_cocoau_gl-2.9.a",
					"/Users/User/desktop/wxwidgets/build-release/lib/libwx_osx_cocoau_qa-2.9.a",
					"/Users/User/desktop/wxwidgets/build-release/lib/libwx_baseu_net-2.9.a",
					"/Users/User/desktop/wxwidgets/build-release/lib/libwx_osx_cocoau_html-2.9.a",
					"/Users/User/desktop/wxwidgets/build-release/lib/libwx_osx_cocoau_adv-2.9.a",
					"/Users/User/desktop/wxwidgets/build-release/lib/libwx_osx_cocoau_core-2.9.a",
					"/Users/User/desktop/wxwidgets/build-release/lib/libwx_baseu_xml-2.9.a",
					"/Users/User/desktop/wxwidgets/build-release/lib/libwx_baseu-2.9.a",
					"-lwxscintilla-2.9",
					"-framework",
					OpenGL,
					"-framework",
					AGL,
					"-framework",
					WebKit,
					"-lexpat",
					"-lwxregexu-2.9",
					"-lwxtiff-2.9",
					"-lwxjpeg-2.9",
					"-lwxpng-2.9",
					"-lz",
					"-lpthread",
					"-liconv",
				);
				WRAPPER_EXTENSION = app;
			};
			name = Release;
		};
/* End XCBuildConfiguration section */

/* Begin XCConfigurationList section */
		CE0EC84415A18747002BC57A /* Build configuration list for PBXProject "gamegears" */ = {
			isa = XCConfigurationList;
			buildConfigurations = (
				CE0EC86615A1874B002BC57A /* Debug */,
				CE0EC86715A1874B002BC57A /* Release */,
			);
			defaultConfigurationIsVisible = 0;
			defaultConfigurationName = Release;
		};
		CE0EC86815A1874B002BC57A /* Build configuration list for PBXNativeTarget "gamegears" */ = {
			isa = XCConfigurationList;
			buildConfigurations = (
				CE0EC86915A1874B002BC57A /* Debug */,
				CE0EC86A15A1874B002BC57A /* Release */,
			);
			defaultConfigurationIsVisible = 0;
			defaultConfigurationName = Release;
		};
/* End XCConfigurationList section */
	};
	rootObject = CE0EC84115A18747002BC57A /* Project object */;
}
