// !$*UTF8*$!
{
	archiveVersion = 1;
	classes = {
	};
	objectVersion = 46;
	objects = {

/* Begin PBXBuildFile section */
		CE56F15915A34F21002E4CCE /* Cocoa.framework in Frameworks */ = {isa = PBXBuildFile; fileRef = CE56F15815A34F21002E4CCE /* Cocoa.framework */; };
		CE56F1EF15A35A9E002E4CCE /* AddNewFileDialog.cpp in Sources */ = {isa = PBXBuildFile; fileRef = CE56F1C015A35A9E002E4CCE /* AddNewFileDialog.cpp */; };
		CE56F1F015A35A9E002E4CCE /* App.cpp in Sources */ = {isa = PBXBuildFile; fileRef = CE56F1C215A35A9E002E4CCE /* App.cpp */; };
		CE56F1F115A35A9E002E4CCE /* Developer.cpp in Sources */ = {isa = PBXBuildFile; fileRef = CE56F1C415A35A9E002E4CCE /* Developer.cpp */; };
		CE56F1F215A35A9E002E4CCE /* FileExplorer.cpp in Sources */ = {isa = PBXBuildFile; fileRef = CE56F1C715A35A9E002E4CCE /* FileExplorer.cpp */; };
		CE56F1F315A35A9E002E4CCE /* jsoncpp.cpp in Sources */ = {isa = PBXBuildFile; fileRef = CE56F1CD15A35A9E002E4CCE /* jsoncpp.cpp */; };
		CE56F1F415A35A9E002E4CCE /* MenuBar.cpp in Sources */ = {isa = PBXBuildFile; fileRef = CE56F1CE15A35A9E002E4CCE /* MenuBar.cpp */; };
		CE56F1F515A35A9E002E4CCE /* NewDirectoryDialog.cpp in Sources */ = {isa = PBXBuildFile; fileRef = CE56F1D015A35A9E002E4CCE /* NewDirectoryDialog.cpp */; };
		CE56F1F615A35A9E002E4CCE /* NewFileDialog.cpp in Sources */ = {isa = PBXBuildFile; fileRef = CE56F1D215A35A9E002E4CCE /* NewFileDialog.cpp */; };
		CE56F1F715A35A9E002E4CCE /* NewProjectDialog.cpp in Sources */ = {isa = PBXBuildFile; fileRef = CE56F1D415A35A9E002E4CCE /* NewProjectDialog.cpp */; };
		CE56F1F815A35A9E002E4CCE /* Output.cpp in Sources */ = {isa = PBXBuildFile; fileRef = CE56F1D615A35A9E002E4CCE /* Output.cpp */; };
		CE56F1F915A35A9E002E4CCE /* PaneToolBar.cpp in Sources */ = {isa = PBXBuildFile; fileRef = CE56F1D815A35A9E002E4CCE /* PaneToolBar.cpp */; };
		CE56F1FA15A35A9E002E4CCE /* Preferences.cpp in Sources */ = {isa = PBXBuildFile; fileRef = CE56F1DA15A35A9E002E4CCE /* Preferences.cpp */; };
		CE56F1FB15A35A9E002E4CCE /* PreferencesDialog.cpp in Sources */ = {isa = PBXBuildFile; fileRef = CE56F1DC15A35A9E002E4CCE /* PreferencesDialog.cpp */; };
		CE56F1FC15A35A9E002E4CCE /* ProjectProperties.cpp in Sources */ = {isa = PBXBuildFile; fileRef = CE56F1DE15A35A9E002E4CCE /* ProjectProperties.cpp */; };
		CE56F1FD15A35A9E002E4CCE /* ProjectPropertiesDialog.cpp in Sources */ = {isa = PBXBuildFile; fileRef = CE56F1E015A35A9E002E4CCE /* ProjectPropertiesDialog.cpp */; };
		CE56F1FE15A35A9E002E4CCE /* ProjectToolBar.cpp in Sources */ = {isa = PBXBuildFile; fileRef = CE56F1E215A35A9E002E4CCE /* ProjectToolBar.cpp */; };
		CE56F1FF15A35A9E002E4CCE /* SaveChangesDialog.cpp in Sources */ = {isa = PBXBuildFile; fileRef = CE56F1E415A35A9E002E4CCE /* SaveChangesDialog.cpp */; };
		CE56F20015A35A9E002E4CCE /* StandardToolBar.cpp in Sources */ = {isa = PBXBuildFile; fileRef = CE56F1E615A35A9E002E4CCE /* StandardToolBar.cpp */; };
		CE56F20115A35A9E002E4CCE /* StatusBar.cpp in Sources */ = {isa = PBXBuildFile; fileRef = CE56F1E815A35A9E002E4CCE /* StatusBar.cpp */; };
		CE56F20215A35A9E002E4CCE /* TextEditor.cpp in Sources */ = {isa = PBXBuildFile; fileRef = CE56F1EA15A35A9E002E4CCE /* TextEditor.cpp */; };
		CE56F20315A35A9E002E4CCE /* TextToolBar.cpp in Sources */ = {isa = PBXBuildFile; fileRef = CE56F1EC15A35A9E002E4CCE /* TextToolBar.cpp */; };
/* End PBXBuildFile section */

/* Begin PBXFileReference section */
		CE56F15415A34F21002E4CCE /* gamegears.app */ = {isa = PBXFileReference; explicitFileType = wrapper.application; includeInIndex = 0; path = gamegears.app; sourceTree = BUILT_PRODUCTS_DIR; };
		CE56F15815A34F21002E4CCE /* Cocoa.framework */ = {isa = PBXFileReference; lastKnownFileType = wrapper.framework; name = Cocoa.framework; path = System/Library/Frameworks/Cocoa.framework; sourceTree = SDKROOT; };
		CE56F15B15A34F21002E4CCE /* AppKit.framework */ = {isa = PBXFileReference; lastKnownFileType = wrapper.framework; name = AppKit.framework; path = System/Library/Frameworks/AppKit.framework; sourceTree = SDKROOT; };
		CE56F15C15A34F21002E4CCE /* CoreData.framework */ = {isa = PBXFileReference; lastKnownFileType = wrapper.framework; name = CoreData.framework; path = System/Library/Frameworks/CoreData.framework; sourceTree = SDKROOT; };
		CE56F15D15A34F21002E4CCE /* Foundation.framework */ = {isa = PBXFileReference; lastKnownFileType = wrapper.framework; name = Foundation.framework; path = System/Library/Frameworks/Foundation.framework; sourceTree = SDKROOT; };
		CE56F16015A34F21002E4CCE /* gamegears-Info.plist */ = {isa = PBXFileReference; lastKnownFileType = text.plist.xml; path = "gamegears-Info.plist"; sourceTree = "<group>"; };
		CE56F16615A34F21002E4CCE /* gamegears-Prefix.pch */ = {isa = PBXFileReference; lastKnownFileType = sourcecode.c.h; path = "gamegears-Prefix.pch"; sourceTree = "<group>"; };
		CE56F1C015A35A9E002E4CCE /* AddNewFileDialog.cpp */ = {isa = PBXFileReference; fileEncoding = 4; lastKnownFileType = sourcecode.cpp.cpp; path = AddNewFileDialog.cpp; sourceTree = "<group>"; };
		CE56F1C115A35A9E002E4CCE /* AddNewFileDialog.hpp */ = {isa = PBXFileReference; fileEncoding = 4; lastKnownFileType = sourcecode.cpp.h; path = AddNewFileDialog.hpp; sourceTree = "<group>"; };
		CE56F1C215A35A9E002E4CCE /* App.cpp */ = {isa = PBXFileReference; fileEncoding = 4; lastKnownFileType = sourcecode.cpp.cpp; path = App.cpp; sourceTree = "<group>"; };
		CE56F1C315A35A9E002E4CCE /* commands.hpp */ = {isa = PBXFileReference; fileEncoding = 4; lastKnownFileType = sourcecode.cpp.h; path = commands.hpp; sourceTree = "<group>"; };
		CE56F1C415A35A9E002E4CCE /* Developer.cpp */ = {isa = PBXFileReference; fileEncoding = 4; lastKnownFileType = sourcecode.cpp.cpp; path = Developer.cpp; sourceTree = "<group>"; };
		CE56F1C515A35A9E002E4CCE /* Developer.hpp */ = {isa = PBXFileReference; fileEncoding = 4; lastKnownFileType = sourcecode.cpp.h; path = Developer.hpp; sourceTree = "<group>"; };
		CE56F1C615A35A9E002E4CCE /* FileEditorDelegator.hpp */ = {isa = PBXFileReference; fileEncoding = 4; lastKnownFileType = sourcecode.cpp.h; path = FileEditorDelegator.hpp; sourceTree = "<group>"; };
		CE56F1C715A35A9E002E4CCE /* FileExplorer.cpp */ = {isa = PBXFileReference; fileEncoding = 4; lastKnownFileType = sourcecode.cpp.cpp; path = FileExplorer.cpp; sourceTree = "<group>"; };
		CE56F1C815A35A9E002E4CCE /* FileExplorer.hpp */ = {isa = PBXFileReference; fileEncoding = 4; lastKnownFileType = sourcecode.cpp.h; path = FileExplorer.hpp; sourceTree = "<group>"; };
		CE56F1C915A35A9E002E4CCE /* IFileEditorDelegator.hpp */ = {isa = PBXFileReference; fileEncoding = 4; lastKnownFileType = sourcecode.cpp.h; path = IFileEditorDelegator.hpp; sourceTree = "<group>"; };
		CE56F1CB15A35A9E002E4CCE /* json-forwards.h */ = {isa = PBXFileReference; fileEncoding = 4; lastKnownFileType = sourcecode.c.h; path = "json-forwards.h"; sourceTree = "<group>"; };
		CE56F1CC15A35A9E002E4CCE /* json.h */ = {isa = PBXFileReference; fileEncoding = 4; lastKnownFileType = sourcecode.c.h; path = json.h; sourceTree = "<group>"; };
		CE56F1CD15A35A9E002E4CCE /* jsoncpp.cpp */ = {isa = PBXFileReference; fileEncoding = 4; lastKnownFileType = sourcecode.cpp.cpp; path = jsoncpp.cpp; sourceTree = "<group>"; };
		CE56F1CE15A35A9E002E4CCE /* MenuBar.cpp */ = {isa = PBXFileReference; fileEncoding = 4; lastKnownFileType = sourcecode.cpp.cpp; path = MenuBar.cpp; sourceTree = "<group>"; };
		CE56F1CF15A35A9E002E4CCE /* MenuBar.hpp */ = {isa = PBXFileReference; fileEncoding = 4; lastKnownFileType = sourcecode.cpp.h; path = MenuBar.hpp; sourceTree = "<group>"; };
		CE56F1D015A35A9E002E4CCE /* NewDirectoryDialog.cpp */ = {isa = PBXFileReference; fileEncoding = 4; lastKnownFileType = sourcecode.cpp.cpp; path = NewDirectoryDialog.cpp; sourceTree = "<group>"; };
		CE56F1D115A35A9E002E4CCE /* NewDirectoryDialog.hpp */ = {isa = PBXFileReference; fileEncoding = 4; lastKnownFileType = sourcecode.cpp.h; path = NewDirectoryDialog.hpp; sourceTree = "<group>"; };
		CE56F1D215A35A9E002E4CCE /* NewFileDialog.cpp */ = {isa = PBXFileReference; fileEncoding = 4; lastKnownFileType = sourcecode.cpp.cpp; path = NewFileDialog.cpp; sourceTree = "<group>"; };
		CE56F1D315A35A9E002E4CCE /* NewFileDialog.hpp */ = {isa = PBXFileReference; fileEncoding = 4; lastKnownFileType = sourcecode.cpp.h; path = NewFileDialog.hpp; sourceTree = "<group>"; };
		CE56F1D415A35A9E002E4CCE /* NewProjectDialog.cpp */ = {isa = PBXFileReference; fileEncoding = 4; lastKnownFileType = sourcecode.cpp.cpp; path = NewProjectDialog.cpp; sourceTree = "<group>"; };
		CE56F1D515A35A9E002E4CCE /* NewProjectDialog.hpp */ = {isa = PBXFileReference; fileEncoding = 4; lastKnownFileType = sourcecode.cpp.h; path = NewProjectDialog.hpp; sourceTree = "<group>"; };
		CE56F1D615A35A9E002E4CCE /* Output.cpp */ = {isa = PBXFileReference; fileEncoding = 4; lastKnownFileType = sourcecode.cpp.cpp; path = Output.cpp; sourceTree = "<group>"; };
		CE56F1D715A35A9E002E4CCE /* Output.hpp */ = {isa = PBXFileReference; fileEncoding = 4; lastKnownFileType = sourcecode.cpp.h; path = Output.hpp; sourceTree = "<group>"; };
		CE56F1D815A35A9E002E4CCE /* PaneToolBar.cpp */ = {isa = PBXFileReference; fileEncoding = 4; lastKnownFileType = sourcecode.cpp.cpp; path = PaneToolBar.cpp; sourceTree = "<group>"; };
		CE56F1D915A35A9E002E4CCE /* PaneToolBar.hpp */ = {isa = PBXFileReference; fileEncoding = 4; lastKnownFileType = sourcecode.cpp.h; path = PaneToolBar.hpp; sourceTree = "<group>"; };
		CE56F1DA15A35A9E002E4CCE /* Preferences.cpp */ = {isa = PBXFileReference; fileEncoding = 4; lastKnownFileType = sourcecode.cpp.cpp; path = Preferences.cpp; sourceTree = "<group>"; };
		CE56F1DB15A35A9E002E4CCE /* Preferences.hpp */ = {isa = PBXFileReference; fileEncoding = 4; lastKnownFileType = sourcecode.cpp.h; path = Preferences.hpp; sourceTree = "<group>"; };
		CE56F1DC15A35A9E002E4CCE /* PreferencesDialog.cpp */ = {isa = PBXFileReference; fileEncoding = 4; lastKnownFileType = sourcecode.cpp.cpp; path = PreferencesDialog.cpp; sourceTree = "<group>"; };
		CE56F1DD15A35A9E002E4CCE /* PreferencesDialog.hpp */ = {isa = PBXFileReference; fileEncoding = 4; lastKnownFileType = sourcecode.cpp.h; path = PreferencesDialog.hpp; sourceTree = "<group>"; };
		CE56F1DE15A35A9E002E4CCE /* ProjectProperties.cpp */ = {isa = PBXFileReference; fileEncoding = 4; lastKnownFileType = sourcecode.cpp.cpp; path = ProjectProperties.cpp; sourceTree = "<group>"; };
		CE56F1DF15A35A9E002E4CCE /* ProjectProperties.hpp */ = {isa = PBXFileReference; fileEncoding = 4; lastKnownFileType = sourcecode.cpp.h; path = ProjectProperties.hpp; sourceTree = "<group>"; };
		CE56F1E015A35A9E002E4CCE /* ProjectPropertiesDialog.cpp */ = {isa = PBXFileReference; fileEncoding = 4; lastKnownFileType = sourcecode.cpp.cpp; path = ProjectPropertiesDialog.cpp; sourceTree = "<group>"; };
		CE56F1E115A35A9E002E4CCE /* ProjectPropertiesDialog.hpp */ = {isa = PBXFileReference; fileEncoding = 4; lastKnownFileType = sourcecode.cpp.h; path = ProjectPropertiesDialog.hpp; sourceTree = "<group>"; };
		CE56F1E215A35A9E002E4CCE /* ProjectToolBar.cpp */ = {isa = PBXFileReference; fileEncoding = 4; lastKnownFileType = sourcecode.cpp.cpp; path = ProjectToolBar.cpp; sourceTree = "<group>"; };
		CE56F1E315A35A9E002E4CCE /* ProjectToolBar.hpp */ = {isa = PBXFileReference; fileEncoding = 4; lastKnownFileType = sourcecode.cpp.h; path = ProjectToolBar.hpp; sourceTree = "<group>"; };
		CE56F1E415A35A9E002E4CCE /* SaveChangesDialog.cpp */ = {isa = PBXFileReference; fileEncoding = 4; lastKnownFileType = sourcecode.cpp.cpp; path = SaveChangesDialog.cpp; sourceTree = "<group>"; };
		CE56F1E515A35A9E002E4CCE /* SaveChangesDialog.hpp */ = {isa = PBXFileReference; fileEncoding = 4; lastKnownFileType = sourcecode.cpp.h; path = SaveChangesDialog.hpp; sourceTree = "<group>"; };
		CE56F1E615A35A9E002E4CCE /* StandardToolBar.cpp */ = {isa = PBXFileReference; fileEncoding = 4; lastKnownFileType = sourcecode.cpp.cpp; path = StandardToolBar.cpp; sourceTree = "<group>"; };
		CE56F1E715A35A9E002E4CCE /* StandardToolBar.hpp */ = {isa = PBXFileReference; fileEncoding = 4; lastKnownFileType = sourcecode.cpp.h; path = StandardToolBar.hpp; sourceTree = "<group>"; };
		CE56F1E815A35A9E002E4CCE /* StatusBar.cpp */ = {isa = PBXFileReference; fileEncoding = 4; lastKnownFileType = sourcecode.cpp.cpp; path = StatusBar.cpp; sourceTree = "<group>"; };
		CE56F1E915A35A9E002E4CCE /* StatusBar.hpp */ = {isa = PBXFileReference; fileEncoding = 4; lastKnownFileType = sourcecode.cpp.h; path = StatusBar.hpp; sourceTree = "<group>"; };
		CE56F1EA15A35A9E002E4CCE /* TextEditor.cpp */ = {isa = PBXFileReference; fileEncoding = 4; lastKnownFileType = sourcecode.cpp.cpp; path = TextEditor.cpp; sourceTree = "<group>"; };
		CE56F1EB15A35A9E002E4CCE /* TextEditor.hpp */ = {isa = PBXFileReference; fileEncoding = 4; lastKnownFileType = sourcecode.cpp.h; path = TextEditor.hpp; sourceTree = "<group>"; };
		CE56F1EC15A35A9E002E4CCE /* TextToolBar.cpp */ = {isa = PBXFileReference; fileEncoding = 4; lastKnownFileType = sourcecode.cpp.cpp; path = TextToolBar.cpp; sourceTree = "<group>"; };
		CE56F1ED15A35A9E002E4CCE /* TextToolBar.hpp */ = {isa = PBXFileReference; fileEncoding = 4; lastKnownFileType = sourcecode.cpp.h; path = TextToolBar.hpp; sourceTree = "<group>"; };
		CE56F1EE15A35A9E002E4CCE /* version.hpp */ = {isa = PBXFileReference; fileEncoding = 4; lastKnownFileType = sourcecode.cpp.h; path = version.hpp; sourceTree = "<group>"; };
/* End PBXFileReference section */

/* Begin PBXFrameworksBuildPhase section */
		CE56F15115A34F21002E4CCE /* Frameworks */ = {
			isa = PBXFrameworksBuildPhase;
			buildActionMask = 2147483647;
			files = (
				CE56F15915A34F21002E4CCE /* Cocoa.framework in Frameworks */,
			);
			runOnlyForDeploymentPostprocessing = 0;
		};
/* End PBXFrameworksBuildPhase section */

/* Begin PBXGroup section */
		CE56F14915A34F21002E4CCE = {
			isa = PBXGroup;
			children = (
				CE56F15E15A34F21002E4CCE /* gamegears */,
				CE56F15715A34F21002E4CCE /* Frameworks */,
				CE56F15515A34F21002E4CCE /* Products */,
			);
			sourceTree = "<group>";
		};
		CE56F15515A34F21002E4CCE /* Products */ = {
			isa = PBXGroup;
			children = (
				CE56F15415A34F21002E4CCE /* gamegears.app */,
			);
			name = Products;
			sourceTree = "<group>";
		};
		CE56F15715A34F21002E4CCE /* Frameworks */ = {
			isa = PBXGroup;
			children = (
				CE56F15815A34F21002E4CCE /* Cocoa.framework */,
				CE56F15A15A34F21002E4CCE /* Other Frameworks */,
			);
			name = Frameworks;
			sourceTree = "<group>";
		};
		CE56F15A15A34F21002E4CCE /* Other Frameworks */ = {
			isa = PBXGroup;
			children = (
				CE56F15B15A34F21002E4CCE /* AppKit.framework */,
				CE56F15C15A34F21002E4CCE /* CoreData.framework */,
				CE56F15D15A34F21002E4CCE /* Foundation.framework */,
			);
			name = "Other Frameworks";
			sourceTree = "<group>";
		};
		CE56F15E15A34F21002E4CCE /* gamegears */ = {
			isa = PBXGroup;
			children = (
				CE56F1BF15A35A9E002E4CCE /* developer */,
				CE56F15F15A34F21002E4CCE /* Supporting Files */,
			);
			path = gamegears;
			sourceTree = "<group>";
		};
		CE56F15F15A34F21002E4CCE /* Supporting Files */ = {
			isa = PBXGroup;
			children = (
				CE56F16015A34F21002E4CCE /* gamegears-Info.plist */,
				CE56F16615A34F21002E4CCE /* gamegears-Prefix.pch */,
			);
			name = "Supporting Files";
			sourceTree = "<group>";
		};
		CE56F1BF15A35A9E002E4CCE /* developer */ = {
			isa = PBXGroup;
			children = (
				CE56F1C015A35A9E002E4CCE /* AddNewFileDialog.cpp */,
				CE56F1C115A35A9E002E4CCE /* AddNewFileDialog.hpp */,
				CE56F1C215A35A9E002E4CCE /* App.cpp */,
				CE56F1C315A35A9E002E4CCE /* commands.hpp */,
				CE56F1C415A35A9E002E4CCE /* Developer.cpp */,
				CE56F1C515A35A9E002E4CCE /* Developer.hpp */,
				CE56F1C615A35A9E002E4CCE /* FileEditorDelegator.hpp */,
				CE56F1C715A35A9E002E4CCE /* FileExplorer.cpp */,
				CE56F1C815A35A9E002E4CCE /* FileExplorer.hpp */,
				CE56F1C915A35A9E002E4CCE /* IFileEditorDelegator.hpp */,
				CE56F1CA15A35A9E002E4CCE /* json */,
				CE56F1CD15A35A9E002E4CCE /* jsoncpp.cpp */,
				CE56F1CE15A35A9E002E4CCE /* MenuBar.cpp */,
				CE56F1CF15A35A9E002E4CCE /* MenuBar.hpp */,
				CE56F1D015A35A9E002E4CCE /* NewDirectoryDialog.cpp */,
				CE56F1D115A35A9E002E4CCE /* NewDirectoryDialog.hpp */,
				CE56F1D215A35A9E002E4CCE /* NewFileDialog.cpp */,
				CE56F1D315A35A9E002E4CCE /* NewFileDialog.hpp */,
				CE56F1D415A35A9E002E4CCE /* NewProjectDialog.cpp */,
				CE56F1D515A35A9E002E4CCE /* NewProjectDialog.hpp */,
				CE56F1D615A35A9E002E4CCE /* Output.cpp */,
				CE56F1D715A35A9E002E4CCE /* Output.hpp */,
				CE56F1D815A35A9E002E4CCE /* PaneToolBar.cpp */,
				CE56F1D915A35A9E002E4CCE /* PaneToolBar.hpp */,
				CE56F1DA15A35A9E002E4CCE /* Preferences.cpp */,
				CE56F1DB15A35A9E002E4CCE /* Preferences.hpp */,
				CE56F1DC15A35A9E002E4CCE /* PreferencesDialog.cpp */,
				CE56F1DD15A35A9E002E4CCE /* PreferencesDialog.hpp */,
				CE56F1DE15A35A9E002E4CCE /* ProjectProperties.cpp */,
				CE56F1DF15A35A9E002E4CCE /* ProjectProperties.hpp */,
				CE56F1E015A35A9E002E4CCE /* ProjectPropertiesDialog.cpp */,
				CE56F1E115A35A9E002E4CCE /* ProjectPropertiesDialog.hpp */,
				CE56F1E215A35A9E002E4CCE /* ProjectToolBar.cpp */,
				CE56F1E315A35A9E002E4CCE /* ProjectToolBar.hpp */,
				CE56F1E415A35A9E002E4CCE /* SaveChangesDialog.cpp */,
				CE56F1E515A35A9E002E4CCE /* SaveChangesDialog.hpp */,
				CE56F1E615A35A9E002E4CCE /* StandardToolBar.cpp */,
				CE56F1E715A35A9E002E4CCE /* StandardToolBar.hpp */,
				CE56F1E815A35A9E002E4CCE /* StatusBar.cpp */,
				CE56F1E915A35A9E002E4CCE /* StatusBar.hpp */,
				CE56F1EA15A35A9E002E4CCE /* TextEditor.cpp */,
				CE56F1EB15A35A9E002E4CCE /* TextEditor.hpp */,
				CE56F1EC15A35A9E002E4CCE /* TextToolBar.cpp */,
				CE56F1ED15A35A9E002E4CCE /* TextToolBar.hpp */,
				CE56F1EE15A35A9E002E4CCE /* version.hpp */,
			);
			name = developer;
			path = ../../../source/developer;
			sourceTree = "<group>";
		};
		CE56F1CA15A35A9E002E4CCE /* json */ = {
			isa = PBXGroup;
			children = (
				CE56F1CB15A35A9E002E4CCE /* json-forwards.h */,
				CE56F1CC15A35A9E002E4CCE /* json.h */,
			);
			path = json;
			sourceTree = "<group>";
		};
/* End PBXGroup section */

/* Begin PBXNativeTarget section */
		CE56F15315A34F21002E4CCE /* gamegears */ = {
			isa = PBXNativeTarget;
			buildConfigurationList = CE56F17215A34F22002E4CCE /* Build configuration list for PBXNativeTarget "gamegears" */;
			buildPhases = (
				CE56F15015A34F21002E4CCE /* Sources */,
				CE56F15115A34F21002E4CCE /* Frameworks */,
				CE56F15215A34F21002E4CCE /* Resources */,
			);
			buildRules = (
			);
			dependencies = (
			);
			name = gamegears;
			productName = gamegears;
			productReference = CE56F15415A34F21002E4CCE /* gamegears.app */;
			productType = "com.apple.product-type.application";
		};
/* End PBXNativeTarget section */

/* Begin PBXProject section */
		CE56F14B15A34F21002E4CCE /* Project object */ = {
			isa = PBXProject;
			attributes = {
				LastUpgradeCheck = 0430;
			};
			buildConfigurationList = CE56F14E15A34F21002E4CCE /* Build configuration list for PBXProject "gamegears" */;
			compatibilityVersion = "Xcode 3.2";
			developmentRegion = English;
			hasScannedForEncodings = 0;
			knownRegions = (
				en,
			);
			mainGroup = CE56F14915A34F21002E4CCE;
			productRefGroup = CE56F15515A34F21002E4CCE /* Products */;
			projectDirPath = "";
			projectRoot = "";
			targets = (
				CE56F15315A34F21002E4CCE /* gamegears */,
			);
		};
/* End PBXProject section */

/* Begin PBXResourcesBuildPhase section */
		CE56F15215A34F21002E4CCE /* Resources */ = {
			isa = PBXResourcesBuildPhase;
			buildActionMask = 2147483647;
			files = (
			);
			runOnlyForDeploymentPostprocessing = 0;
		};
/* End PBXResourcesBuildPhase section */

/* Begin PBXSourcesBuildPhase section */
		CE56F15015A34F21002E4CCE /* Sources */ = {
			isa = PBXSourcesBuildPhase;
			buildActionMask = 2147483647;
			files = (
				CE56F1EF15A35A9E002E4CCE /* AddNewFileDialog.cpp in Sources */,
				CE56F1F015A35A9E002E4CCE /* App.cpp in Sources */,
				CE56F1F115A35A9E002E4CCE /* Developer.cpp in Sources */,
				CE56F1F215A35A9E002E4CCE /* FileExplorer.cpp in Sources */,
				CE56F1F315A35A9E002E4CCE /* jsoncpp.cpp in Sources */,
				CE56F1F415A35A9E002E4CCE /* MenuBar.cpp in Sources */,
				CE56F1F515A35A9E002E4CCE /* NewDirectoryDialog.cpp in Sources */,
				CE56F1F615A35A9E002E4CCE /* NewFileDialog.cpp in Sources */,
				CE56F1F715A35A9E002E4CCE /* NewProjectDialog.cpp in Sources */,
				CE56F1F815A35A9E002E4CCE /* Output.cpp in Sources */,
				CE56F1F915A35A9E002E4CCE /* PaneToolBar.cpp in Sources */,
				CE56F1FA15A35A9E002E4CCE /* Preferences.cpp in Sources */,
				CE56F1FB15A35A9E002E4CCE /* PreferencesDialog.cpp in Sources */,
				CE56F1FC15A35A9E002E4CCE /* ProjectProperties.cpp in Sources */,
				CE56F1FD15A35A9E002E4CCE /* ProjectPropertiesDialog.cpp in Sources */,
				CE56F1FE15A35A9E002E4CCE /* ProjectToolBar.cpp in Sources */,
				CE56F1FF15A35A9E002E4CCE /* SaveChangesDialog.cpp in Sources */,
				CE56F20015A35A9E002E4CCE /* StandardToolBar.cpp in Sources */,
				CE56F20115A35A9E002E4CCE /* StatusBar.cpp in Sources */,
				CE56F20215A35A9E002E4CCE /* TextEditor.cpp in Sources */,
				CE56F20315A35A9E002E4CCE /* TextToolBar.cpp in Sources */,
			);
			runOnlyForDeploymentPostprocessing = 0;
		};
/* End PBXSourcesBuildPhase section */

/* Begin XCBuildConfiguration section */
		CE56F17015A34F22002E4CCE /* Debug */ = {
			isa = XCBuildConfiguration;
			buildSettings = {
				ALWAYS_SEARCH_USER_PATHS = NO;
				ARCHS = "$(ARCHS_STANDARD_64_BIT)";
				COPY_PHASE_STRIP = NO;
				GCC_C_LANGUAGE_STANDARD = gnu99;
				GCC_DYNAMIC_NO_PIC = NO;
				GCC_ENABLE_OBJC_EXCEPTIONS = YES;
				GCC_OPTIMIZATION_LEVEL = 0;
				GCC_PREPROCESSOR_DEFINITIONS = (
					"DEBUG=1",
					"$(inherited)",
				);
				GCC_SYMBOLS_PRIVATE_EXTERN = NO;
				GCC_VERSION = com.apple.compilers.llvm.clang.1_0;
				GCC_WARN_64_TO_32_BIT_CONVERSION = YES;
				GCC_WARN_ABOUT_RETURN_TYPE = YES;
				GCC_WARN_UNINITIALIZED_AUTOS = YES;
				GCC_WARN_UNUSED_VARIABLE = YES;
				MACOSX_DEPLOYMENT_TARGET = 10.7;
				ONLY_ACTIVE_ARCH = YES;
				SDKROOT = macosx;
			};
			name = Debug;
		};
		CE56F17115A34F22002E4CCE /* Release */ = {
			isa = XCBuildConfiguration;
			buildSettings = {
				ALWAYS_SEARCH_USER_PATHS = NO;
				ARCHS = "$(ARCHS_STANDARD_64_BIT)";
				COPY_PHASE_STRIP = YES;
				DEBUG_INFORMATION_FORMAT = "dwarf-with-dsym";
				GCC_C_LANGUAGE_STANDARD = gnu99;
				GCC_ENABLE_OBJC_EXCEPTIONS = YES;
				GCC_VERSION = com.apple.compilers.llvm.clang.1_0;
				GCC_WARN_64_TO_32_BIT_CONVERSION = YES;
				GCC_WARN_ABOUT_RETURN_TYPE = YES;
				GCC_WARN_UNINITIALIZED_AUTOS = YES;
				GCC_WARN_UNUSED_VARIABLE = YES;
				MACOSX_DEPLOYMENT_TARGET = 10.7;
				SDKROOT = macosx;
			};
			name = Release;
		};
		CE56F17315A34F22002E4CCE /* Debug */ = {
			isa = XCBuildConfiguration;
			buildSettings = {
				GCC_PRECOMPILE_PREFIX_HEADER = YES;
				GCC_PREFIX_HEADER = "gamegears/gamegears-Prefix.pch";
				INFOPLIST_FILE = "gamegears/gamegears-Info.plist";
				OTHER_CPLUSPLUSFLAGS = (
					"$(OTHER_CFLAGS)",
					"-I/Users/User/desktop/wxwidgets/build-cocoa-debug/lib/wx/include/osx_cocoa-unicode-static-2.9",
					"-I/Users/User/desktop/wxwidgets/include",
					"-D_FILE_OFFSET_BITS=64",
					"-D__WXMAC__",
					"-D__WXOSX__",
					"-D__WXOSX_COCOA__",
				);
				OTHER_LDFLAGS = (
					"-L/Users/User/desktop/wxwidgets/build-cocoa-debug/lib",
					"-framework",
					IOKit,
					"-framework",
					Carbon,
					"-framework",
					Cocoa,
					"-framework",
					AudioToolbox,
					"-framework",
					System,
					"-framework",
					OpenGL,
					"/Users/User/desktop/wxwidgets/build-cocoa-debug/lib/libwx_osx_cocoau_xrc-2.9.a",
					"/Users/User/desktop/wxwidgets/build-cocoa-debug/lib/libwx_osx_cocoau_webview-2.9.a",
					"/Users/User/desktop/wxwidgets/build-cocoa-debug/lib/libwx_osx_cocoau_stc-2.9.a",
					"/Users/User/desktop/wxwidgets/build-cocoa-debug/lib/libwx_osx_cocoau_richtext-2.9.a",
					"/Users/User/desktop/wxwidgets/build-cocoa-debug/lib/libwx_osx_cocoau_ribbon-2.9.a",
					"/Users/User/desktop/wxwidgets/build-cocoa-debug/lib/libwx_osx_cocoau_propgrid-2.9.a",
					"/Users/User/desktop/wxwidgets/build-cocoa-debug/lib/libwx_osx_cocoau_aui-2.9.a",
					"/Users/User/desktop/wxwidgets/build-cocoa-debug/lib/libwx_osx_cocoau_gl-2.9.a",
					"/Users/User/desktop/wxwidgets/build-cocoa-debug/lib/libwx_osx_cocoau_qa-2.9.a",
					"/Users/User/desktop/wxwidgets/build-cocoa-debug/lib/libwx_baseu_net-2.9.a",
					"/Users/User/desktop/wxwidgets/build-cocoa-debug/lib/libwx_osx_cocoau_html-2.9.a",
					"/Users/User/desktop/wxwidgets/build-cocoa-debug/lib/libwx_osx_cocoau_adv-2.9.a",
					"/Users/User/desktop/wxwidgets/build-cocoa-debug/lib/libwx_osx_cocoau_core-2.9.a",
					"/Users/User/desktop/wxwidgets/build-cocoa-debug/lib/libwx_baseu_xml-2.9.a",
					"/Users/User/desktop/wxwidgets/build-cocoa-debug/lib/libwx_baseu-2.9.a",
					"-lwxscintilla-2.9",
					"-framework",
					OpenGL,
					"-framework",
					AGL,
					"-framework",
					WebKit,
					"-lexpat",
					"-lwxregexu-2.9",
					"-lwxtiff-2.9",
					"-lwxjpeg-2.9",
					"-lwxpng-2.9",
					"-lz",
					"-lpthread",
					"-liconv",
				);
				PRODUCT_NAME = "$(TARGET_NAME)";
				WRAPPER_EXTENSION = app;
			};
			name = Debug;
		};
		CE56F17415A34F22002E4CCE /* Release */ = {
			isa = XCBuildConfiguration;
			buildSettings = {
				GCC_PRECOMPILE_PREFIX_HEADER = YES;
				GCC_PREFIX_HEADER = "gamegears/gamegears-Prefix.pch";
				GCC_PREPROCESSOR_DEFINITIONS = (
					"$(OTHER_CFLAGS)",
					"-I/Users/User/desktop/wxwidgets/build-cocoa-debug/lib/wx/include/osx_cocoa-unicode-static-2.9",
					"-I/Users/User/desktop/wxwidgets/include",
					"-D_FILE_OFFSET_BITS=64",
					"-D__WXMAC__",
					"-D__WXOSX__",
					"-D__WXOSX_COCOA__",
				);
				INFOPLIST_FILE = "gamegears/gamegears-Info.plist";
				PRODUCT_NAME = "$(TARGET_NAME)";
				WRAPPER_EXTENSION = app;
			};
			name = Release;
		};
/* End XCBuildConfiguration section */

/* Begin XCConfigurationList section */
		CE56F14E15A34F21002E4CCE /* Build configuration list for PBXProject "gamegears" */ = {
			isa = XCConfigurationList;
			buildConfigurations = (
				CE56F17015A34F22002E4CCE /* Debug */,
				CE56F17115A34F22002E4CCE /* Release */,
			);
			defaultConfigurationIsVisible = 0;
			defaultConfigurationName = Release;
		};
		CE56F17215A34F22002E4CCE /* Build configuration list for PBXNativeTarget "gamegears" */ = {
			isa = XCConfigurationList;
			buildConfigurations = (
				CE56F17315A34F22002E4CCE /* Debug */,
				CE56F17415A34F22002E4CCE /* Release */,
			);
			defaultConfigurationIsVisible = 0;
			defaultConfigurationName = Release;
		};
/* End XCConfigurationList section */
	};
	rootObject = CE56F14B15A34F21002E4CCE /* Project object */;
}
